
Microsoft Visual Studio Solution File, Format Version 12.00
# Visual Studio Version 16
VisualStudioVersion = 16.0.28729.10
MinimumVisualStudioVersion = 10.0.40219.1
Project("{9A19103F-16F7-4668-BE54-9A1E7A4F7556}") = "GenericNEAT", "src\GenericNEAT\GenericNEAT.csproj", "{FADD0EEA-C6AD-48F0-97B2-F15D973077EF}"
EndProject
Project("{9A19103F-16F7-4668-BE54-9A1E7A4F7556}") = "ConsoleApp", "sandbox\ConsoleApp\ConsoleApp.csproj", "{576AA55E-085C-4649-B4B8-72E781028082}"
EndProject
Project("{FAE04EC0-301F-11D3-BF4B-00C04F79EFBC}") = "GenericNEAT.Tests", "test\GenericNEAT.Tests\GenericNEAT.Tests.csproj", "{BE6041C4-E7CD-43E7-B127-7F1BF25F0CBC}"
EndProject
Global
	GlobalSection(SolutionConfigurationPlatforms) = preSolution
		Debug|Any CPU = Debug|Any CPU
		Release|Any CPU = Release|Any CPU
	EndGlobalSection
	GlobalSection(ProjectConfigurationPlatforms) = postSolution
		{FADD0EEA-C6AD-48F0-97B2-F15D973077EF}.Debug|Any CPU.ActiveCfg = Debug|Any CPU
		{FADD0EEA-C6AD-48F0-97B2-F15D973077EF}.Debug|Any CPU.Build.0 = Debug|Any CPU
		{FADD0EEA-C6AD-48F0-97B2-F15D973077EF}.Release|Any CPU.ActiveCfg = Release|Any CPU
		{FADD0EEA-C6AD-48F0-97B2-F15D973077EF}.Release|Any CPU.Build.0 = Release|Any CPU
		{576AA55E-085C-4649-B4B8-72E781028082}.Debug|Any CPU.ActiveCfg = Debug|Any CPU
		{576AA55E-085C-4649-B4B8-72E781028082}.Debug|Any CPU.Build.0 = Debug|Any CPU
		{576AA55E-085C-4649-B4B8-72E781028082}.Release|Any CPU.ActiveCfg = Release|Any CPU
		{576AA55E-085C-4649-B4B8-72E781028082}.Release|Any CPU.Build.0 = Release|Any CPU
		{BE6041C4-E7CD-43E7-B127-7F1BF25F0CBC}.Debug|Any CPU.ActiveCfg = Debug|Any CPU
		{BE6041C4-E7CD-43E7-B127-7F1BF25F0CBC}.Debug|Any CPU.Build.0 = Debug|Any CPU
		{BE6041C4-E7CD-43E7-B127-7F1BF25F0CBC}.Release|Any CPU.ActiveCfg = Release|Any CPU
		{BE6041C4-E7CD-43E7-B127-7F1BF25F0CBC}.Release|Any CPU.Build.0 = Release|Any CPU
	EndGlobalSection
	GlobalSection(SolutionProperties) = preSolution
		HideSolutionNode = FALSE
	EndGlobalSection
	GlobalSection(ExtensibilityGlobals) = postSolution
		SolutionGuid = {17808E04-06F5-4015-92B1-03C2DC6C7DEB}
	EndGlobalSection
EndGlobal
